
Microsoft Visual Studio Solution File, Format Version 12.00
# Visual Studio Version 16
VisualStudioVersion = 16.0.32126.315
MinimumVisualStudioVersion = 10.0.40219.1
Project("{FAE04EC0-301F-11D3-BF4B-00C04F79EFBC}") = "TimTro", "TimTro\TimTro.csproj", "{B3574F59-537B-4488-9872-2011A3967649}"
EndProject
Global
	GlobalSection(SolutionConfigurationPlatforms) = preSolution
		Debug|Any CPU = Debug|Any CPU
		Release|Any CPU = Release|Any CPU
	EndGlobalSection
	GlobalSection(ProjectConfigurationPlatforms) = postSolution
		{B3574F59-537B-4488-9872-2011A3967649}.Debug|Any CPU.ActiveCfg = Debug|Any CPU
		{B3574F59-537B-4488-9872-2011A3967649}.Debug|Any CPU.Build.0 = Debug|Any CPU
		{B3574F59-537B-4488-9872-2011A3967649}.Release|Any CPU.ActiveCfg = Release|Any CPU
		{B3574F59-537B-4488-9872-2011A3967649}.Release|Any CPU.Build.0 = Release|Any CPU
	EndGlobalSection
	GlobalSection(SolutionProperties) = preSolution
		HideSolutionNode = FALSE
	EndGlobalSection
	GlobalSection(ExtensibilityGlobals) = postSolution
		SolutionGuid = {D754DD13-D4DB-44DB-868B-A556A9B2EA62}
	EndGlobalSection
EndGlobal
